Microsoft Visual Studio Solution File, Format Version 11.00
# Visual Studio 2008

Project("{950F5E5F-08B2-9A62-67F9-390333D4DB94}") = "Doggie Teleporter", "Assembly-CSharp.csproj", "{85ED415B-8DA2-4A86-091C-5E6EB5D53E31}"
EndProject
Global
	GlobalSection(SolutionConfigurationPlatforms) = preSolution
		Debug|Any CPU = Debug|Any CPU
		Release|Any CPU = Release|Any CPU
	EndGlobalSection
	GlobalSection(ProjectConfigurationPlatforms) = postSolution
		{85ED415B-8DA2-4A86-091C-5E6EB5D53E31}.Debug|Any CPU.ActiveCfg = Debug|Any CPU
		{85ED415B-8DA2-4A86-091C-5E6EB5D53E31}.Debug|Any CPU.Build.0 = Debug|Any CPU
		{85ED415B-8DA2-4A86-091C-5E6EB5D53E31}.Release|Any CPU.ActiveCfg = Release|Any CPU
		{85ED415B-8DA2-4A86-091C-5E6EB5D53E31}.Release|Any CPU.Build.0 = Release|Any CPU
	EndGlobalSection
	GlobalSection(SolutionProperties) = preSolution
		HideSolutionNode = FALSE
	EndGlobalSection
	GlobalSection(MonoDevelopProperties) = preSolution
		StartupItem = Assembly-CSharp.csproj
	EndGlobalSection
EndGlobal
